
Microsoft Visual Studio Solution File, Format Version 12.00
# Visual Studio Version 16
VisualStudioVersion = 16.0.31911.196
MinimumVisualStudioVersion = 10.0.40219.1
Project("{8BC9CEB8-8B4A-11D0-8D11-00A0C91BC942}") = "PARTS", "PARTS\PARTS.vcxproj", "{EAEA090F-56B9-4ABF-9098-AA511088F4A3}"
EndProject
Global
	GlobalSection(SolutionConfigurationPlatforms) = preSolution
		Debug|x64 = Debug|x64
		Debug|x86 = Debug|x86
		Release|x64 = Release|x64
		Release|x86 = Release|x86
	EndGlobalSection
	GlobalSection(ProjectConfigurationPlatforms) = postSolution
		{EAEA090F-56B9-4ABF-9098-AA511088F4A3}.Debug|x64.ActiveCfg = Debug|x64
		{EAEA090F-56B9-4ABF-9098-AA511088F4A3}.Debug|x64.Build.0 = Debug|x64
		{EAEA090F-56B9-4ABF-9098-AA511088F4A3}.Debug|x86.ActiveCfg = Debug|Win32
		{EAEA090F-56B9-4ABF-9098-AA511088F4A3}.Debug|x86.Build.0 = Debug|Win32
		{EAEA090F-56B9-4ABF-9098-AA511088F4A3}.Release|x64.ActiveCfg = Release|x64
		{EAEA090F-56B9-4ABF-9098-AA511088F4A3}.Release|x64.Build.0 = Release|x64
		{EAEA090F-56B9-4ABF-9098-AA511088F4A3}.Release|x86.ActiveCfg = Release|Win32
		{EAEA090F-56B9-4ABF-9098-AA511088F4A3}.Release|x86.Build.0 = Release|Win32
	EndGlobalSection
	GlobalSection(SolutionProperties) = preSolution
		HideSolutionNode = FALSE
	EndGlobalSection
	GlobalSection(ExtensibilityGlobals) = postSolution
		SolutionGuid = {F826F04D-C67D-491D-B9FF-5A3F49F4B4E0}
	EndGlobalSection
EndGlobal
